{
  "name": "ImHUI",
  "version": "0.0.1",
  "lockfileVersion": 1,
  "requires": true,
  "dependencies": {
    "ldcp": {
      "version": "0.1.5",
      "resolved": "https://registry.npmjs.org/ldcp/-/ldcp-0.1.5.tgz",
      "integrity": "sha512-ZNjPcZL30gWsLB1vDoUfiW2ptxOvidovFuoAG7OGApir+/rcoGgWcgx2Z2kB/z29eyuxIXFYsOS0+SZqwthsTw==",
      "dev": true
    },
    "typescript": {
      "version": "4.1.5",
      "resolved": "https://registry.npmjs.org/typescript/-/typescript-4.1.5.tgz",
      "integrity": "sha512-6OSu9PTIzmn9TCDiovULTnET6BgXtDYL4Gg4szY+cGsc3JP1dQL8qvE8kShTRx1NIw4Q9IBHlwODjkjWEtMUyA==",
      "dev": true
    }
  }
}
